
Microsoft Visual Studio Solution File, Format Version 12.00
# Visual Studio 14
VisualStudioVersion = 14.0.23107.0
MinimumVisualStudioVersion = 10.0.40219.1
Project("{FAE04EC0-301F-11D3-BF4B-00C04F79EFBC}") = "TeenWindowService", "TeenWindowService\TeenWindowService.csproj", "{01011B3F-0B24-4CBA-879E-945305FC8402}"
EndProject
Project("{FAE04EC0-301F-11D3-BF4B-00C04F79EFBC}") = "wcfTeenService", "wcfTeenService\wcfTeenService.csproj", "{EBEC0414-B28A-4740-AC30-DBE3B26EEA79}"
EndProject
Project("{2150E333-8FDC-42A3-9474-1A3956D46DE8}") = "Presentation Layer", "Presentation Layer", "{EDFAC801-15EE-4568-96E2-58EC45E91090}"
EndProject
Project("{2150E333-8FDC-42A3-9474-1A3956D46DE8}") = "Service Layer", "Service Layer", "{D252805B-699B-440D-89BF-AE6584D9B84B}"
EndProject
Project("{2150E333-8FDC-42A3-9474-1A3956D46DE8}") = "Service Proxy", "Service Proxy", "{D161819E-19BF-4DA4-8638-6725B8D32B3E}"
EndProject
Project("{FAE04EC0-301F-11D3-BF4B-00C04F79EFBC}") = "TeenCheckin2015", "TeenCheckin2015\TeenCheckin2015.csproj", "{BAECE93E-0231-4348-8A38-D7BC93393CDD}"
EndProject
Project("{FAE04EC0-301F-11D3-BF4B-00C04F79EFBC}") = "TeenProxy", "TeenProxy\TeenProxy.csproj", "{2C85C605-6A10-4570-835D-C84BF473900C}"
EndProject
Global
	GlobalSection(SolutionConfigurationPlatforms) = preSolution
		Debug X32|Any CPU = Debug X32|Any CPU
		Debug X32|x86 = Debug X32|x86
		Debug X64|Any CPU = Debug X64|Any CPU
		Debug X64|x86 = Debug X64|x86
		Debug|Any CPU = Debug|Any CPU
		Debug|x86 = Debug|x86
		Release X64|Any CPU = Release X64|Any CPU
		Release X64|x86 = Release X64|x86
		Release|Any CPU = Release|Any CPU
		Release|x86 = Release|x86
	EndGlobalSection
	GlobalSection(ProjectConfigurationPlatforms) = postSolution
		{01011B3F-0B24-4CBA-879E-945305FC8402}.Debug X32|Any CPU.ActiveCfg = Debug|Any CPU
		{01011B3F-0B24-4CBA-879E-945305FC8402}.Debug X32|Any CPU.Build.0 = Debug|Any CPU
		{01011B3F-0B24-4CBA-879E-945305FC8402}.Debug X32|x86.ActiveCfg = Debug|Any CPU
		{01011B3F-0B24-4CBA-879E-945305FC8402}.Debug X32|x86.Build.0 = Debug|Any CPU
		{01011B3F-0B24-4CBA-879E-945305FC8402}.Debug X64|Any CPU.ActiveCfg = Debug|Any CPU
		{01011B3F-0B24-4CBA-879E-945305FC8402}.Debug X64|Any CPU.Build.0 = Debug|Any CPU
		{01011B3F-0B24-4CBA-879E-945305FC8402}.Debug X64|x86.ActiveCfg = Debug|Any CPU
		{01011B3F-0B24-4CBA-879E-945305FC8402}.Debug X64|x86.Build.0 = Debug|Any CPU
		{01011B3F-0B24-4CBA-879E-945305FC8402}.Debug|Any CPU.ActiveCfg = Debug|Any CPU
		{01011B3F-0B24-4CBA-879E-945305FC8402}.Debug|Any CPU.Build.0 = Debug|Any CPU
		{01011B3F-0B24-4CBA-879E-945305FC8402}.Debug|x86.ActiveCfg = Debug|Any CPU
		{01011B3F-0B24-4CBA-879E-945305FC8402}.Debug|x86.Build.0 = Debug|Any CPU
		{01011B3F-0B24-4CBA-879E-945305FC8402}.Release X64|Any CPU.ActiveCfg = Release|Any CPU
		{01011B3F-0B24-4CBA-879E-945305FC8402}.Release X64|Any CPU.Build.0 = Release|Any CPU
		{01011B3F-0B24-4CBA-879E-945305FC8402}.Release X64|x86.ActiveCfg = Release|Any CPU
		{01011B3F-0B24-4CBA-879E-945305FC8402}.Release X64|x86.Build.0 = Release|Any CPU
		{01011B3F-0B24-4CBA-879E-945305FC8402}.Release|Any CPU.ActiveCfg = Release|Any CPU
		{01011B3F-0B24-4CBA-879E-945305FC8402}.Release|Any CPU.Build.0 = Release|Any CPU
		{01011B3F-0B24-4CBA-879E-945305FC8402}.Release|x86.ActiveCfg = Release|Any CPU
		{01011B3F-0B24-4CBA-879E-945305FC8402}.Release|x86.Build.0 = Release|Any CPU
		{EBEC0414-B28A-4740-AC30-DBE3B26EEA79}.Debug X32|Any CPU.ActiveCfg = Debug|Any CPU
		{EBEC0414-B28A-4740-AC30-DBE3B26EEA79}.Debug X32|Any CPU.Build.0 = Debug|Any CPU
		{EBEC0414-B28A-4740-AC30-DBE3B26EEA79}.Debug X32|x86.ActiveCfg = Debug|Any CPU
		{EBEC0414-B28A-4740-AC30-DBE3B26EEA79}.Debug X32|x86.Build.0 = Debug|Any CPU
		{EBEC0414-B28A-4740-AC30-DBE3B26EEA79}.Debug X64|Any CPU.ActiveCfg = Debug|Any CPU
		{EBEC0414-B28A-4740-AC30-DBE3B26EEA79}.Debug X64|Any CPU.Build.0 = Debug|Any CPU
		{EBEC0414-B28A-4740-AC30-DBE3B26EEA79}.Debug X64|x86.ActiveCfg = Debug|Any CPU
		{EBEC0414-B28A-4740-AC30-DBE3B26EEA79}.Debug X64|x86.Build.0 = Debug|Any CPU
		{EBEC0414-B28A-4740-AC30-DBE3B26EEA79}.Debug|Any CPU.ActiveCfg = Debug|Any CPU
		{EBEC0414-B28A-4740-AC30-DBE3B26EEA79}.Debug|Any CPU.Build.0 = Debug|Any CPU
		{EBEC0414-B28A-4740-AC30-DBE3B26EEA79}.Debug|x86.ActiveCfg = Debug|Any CPU
		{EBEC0414-B28A-4740-AC30-DBE3B26EEA79}.Debug|x86.Build.0 = Debug|Any CPU
		{EBEC0414-B28A-4740-AC30-DBE3B26EEA79}.Release X64|Any CPU.ActiveCfg = Release|Any CPU
		{EBEC0414-B28A-4740-AC30-DBE3B26EEA79}.Release X64|Any CPU.Build.0 = Release|Any CPU
		{EBEC0414-B28A-4740-AC30-DBE3B26EEA79}.Release X64|x86.ActiveCfg = Release|Any CPU
		{EBEC0414-B28A-4740-AC30-DBE3B26EEA79}.Release X64|x86.Build.0 = Release|Any CPU
		{EBEC0414-B28A-4740-AC30-DBE3B26EEA79}.Release|Any CPU.ActiveCfg = Release|Any CPU
		{EBEC0414-B28A-4740-AC30-DBE3B26EEA79}.Release|Any CPU.Build.0 = Release|Any CPU
		{EBEC0414-B28A-4740-AC30-DBE3B26EEA79}.Release|x86.ActiveCfg = Release|Any CPU
		{EBEC0414-B28A-4740-AC30-DBE3B26EEA79}.Release|x86.Build.0 = Release|Any CPU
		{BAECE93E-0231-4348-8A38-D7BC93393CDD}.Debug X32|Any CPU.ActiveCfg = Debug|Any CPU
		{BAECE93E-0231-4348-8A38-D7BC93393CDD}.Debug X32|Any CPU.Build.0 = Debug|Any CPU
		{BAECE93E-0231-4348-8A38-D7BC93393CDD}.Debug X32|x86.ActiveCfg = Debug|Any CPU
		{BAECE93E-0231-4348-8A38-D7BC93393CDD}.Debug X32|x86.Build.0 = Debug|Any CPU
		{BAECE93E-0231-4348-8A38-D7BC93393CDD}.Debug X64|Any CPU.ActiveCfg = Debug|Any CPU
		{BAECE93E-0231-4348-8A38-D7BC93393CDD}.Debug X64|Any CPU.Build.0 = Debug|Any CPU
		{BAECE93E-0231-4348-8A38-D7BC93393CDD}.Debug X64|x86.ActiveCfg = Debug|Any CPU
		{BAECE93E-0231-4348-8A38-D7BC93393CDD}.Debug X64|x86.Build.0 = Debug|Any CPU
		{BAECE93E-0231-4348-8A38-D7BC93393CDD}.Debug|Any CPU.ActiveCfg = Debug|Any CPU
		{BAECE93E-0231-4348-8A38-D7BC93393CDD}.Debug|Any CPU.Build.0 = Debug|Any CPU
		{BAECE93E-0231-4348-8A38-D7BC93393CDD}.Debug|x86.ActiveCfg = Debug|Any CPU
		{BAECE93E-0231-4348-8A38-D7BC93393CDD}.Debug|x86.Build.0 = Debug|Any CPU
		{BAECE93E-0231-4348-8A38-D7BC93393CDD}.Release X64|Any CPU.ActiveCfg = Release|Any CPU
		{BAECE93E-0231-4348-8A38-D7BC93393CDD}.Release X64|Any CPU.Build.0 = Release|Any CPU
		{BAECE93E-0231-4348-8A38-D7BC93393CDD}.Release X64|x86.ActiveCfg = Release|Any CPU
		{BAECE93E-0231-4348-8A38-D7BC93393CDD}.Release X64|x86.Build.0 = Release|Any CPU
		{BAECE93E-0231-4348-8A38-D7BC93393CDD}.Release|Any CPU.ActiveCfg = Release|Any CPU
		{BAECE93E-0231-4348-8A38-D7BC93393CDD}.Release|Any CPU.Build.0 = Release|Any CPU
		{BAECE93E-0231-4348-8A38-D7BC93393CDD}.Release|x86.ActiveCfg = Release|Any CPU
		{BAECE93E-0231-4348-8A38-D7BC93393CDD}.Release|x86.Build.0 = Release|Any CPU
		{2C85C605-6A10-4570-835D-C84BF473900C}.Debug X32|Any CPU.ActiveCfg = Debug|Any CPU
		{2C85C605-6A10-4570-835D-C84BF473900C}.Debug X32|Any CPU.Build.0 = Debug|Any CPU
		{2C85C605-6A10-4570-835D-C84BF473900C}.Debug X32|x86.ActiveCfg = Debug|Any CPU
		{2C85C605-6A10-4570-835D-C84BF473900C}.Debug X32|x86.Build.0 = Debug|Any CPU
		{2C85C605-6A10-4570-835D-C84BF473900C}.Debug X64|Any CPU.ActiveCfg = Debug|Any CPU
		{2C85C605-6A10-4570-835D-C84BF473900C}.Debug X64|Any CPU.Build.0 = Debug|Any CPU
		{2C85C605-6A10-4570-835D-C84BF473900C}.Debug X64|x86.ActiveCfg = Debug|Any CPU
		{2C85C605-6A10-4570-835D-C84BF473900C}.Debug X64|x86.Build.0 = Debug|Any CPU
		{2C85C605-6A10-4570-835D-C84BF473900C}.Debug|Any CPU.ActiveCfg = Debug|Any CPU
		{2C85C605-6A10-4570-835D-C84BF473900C}.Debug|Any CPU.Build.0 = Debug|Any CPU
		{2C85C605-6A10-4570-835D-C84BF473900C}.Debug|x86.ActiveCfg = Debug|Any CPU
		{2C85C605-6A10-4570-835D-C84BF473900C}.Debug|x86.Build.0 = Debug|Any CPU
		{2C85C605-6A10-4570-835D-C84BF473900C}.Release X64|Any CPU.ActiveCfg = Release|Any CPU
		{2C85C605-6A10-4570-835D-C84BF473900C}.Release X64|Any CPU.Build.0 = Release|Any CPU
		{2C85C605-6A10-4570-835D-C84BF473900C}.Release X64|x86.ActiveCfg = Release|Any CPU
		{2C85C605-6A10-4570-835D-C84BF473900C}.Release X64|x86.Build.0 = Release|Any CPU
		{2C85C605-6A10-4570-835D-C84BF473900C}.Release|Any CPU.ActiveCfg = Release|Any CPU
		{2C85C605-6A10-4570-835D-C84BF473900C}.Release|Any CPU.Build.0 = Release|Any CPU
		{2C85C605-6A10-4570-835D-C84BF473900C}.Release|x86.ActiveCfg = Release|Any CPU
		{2C85C605-6A10-4570-835D-C84BF473900C}.Release|x86.Build.0 = Release|Any CPU
	EndGlobalSection
	GlobalSection(SolutionProperties) = preSolution
		HideSolutionNode = FALSE
	EndGlobalSection
	GlobalSection(NestedProjects) = preSolution
		{01011B3F-0B24-4CBA-879E-945305FC8402} = {EDFAC801-15EE-4568-96E2-58EC45E91090}
		{EBEC0414-B28A-4740-AC30-DBE3B26EEA79} = {D252805B-699B-440D-89BF-AE6584D9B84B}
		{BAECE93E-0231-4348-8A38-D7BC93393CDD} = {EDFAC801-15EE-4568-96E2-58EC45E91090}
		{2C85C605-6A10-4570-835D-C84BF473900C} = {D161819E-19BF-4DA4-8638-6725B8D32B3E}
	EndGlobalSection
EndGlobal
